
Microsoft Visual Studio Solution File, Format Version 12.00
# Visual Studio Version 16
VisualStudioVersion = 16.0.31702.278
MinimumVisualStudioVersion = 10.0.40219.1
Project("{9A19103F-16F7-4668-BE54-9A1E7A4F7556}") = "GeekBurger.Products.Contract", "GeekBurger.Products.Contract\GeekBurger.Products.Contract.csproj", "{651E6EAE-2415-4411-97AB-B05D07C0ED4C}"
EndProject
Project("{FAE04EC0-301F-11D3-BF4B-00C04F79EFBC}") = "GeekBurger.Products", "GeekBurger.Products\GeekBurger.Products.csproj", "{B4DF4384-C930-4304-A34B-2291F7E12F9A}"
EndProject
Global
	GlobalSection(SolutionConfigurationPlatforms) = preSolution
		Debug|Any CPU = Debug|Any CPU
		Release|Any CPU = Release|Any CPU
	EndGlobalSection
	GlobalSection(ProjectConfigurationPlatforms) = postSolution
		{651E6EAE-2415-4411-97AB-B05D07C0ED4C}.Debug|Any CPU.ActiveCfg = Debug|Any CPU
		{651E6EAE-2415-4411-97AB-B05D07C0ED4C}.Debug|Any CPU.Build.0 = Debug|Any CPU
		{651E6EAE-2415-4411-97AB-B05D07C0ED4C}.Release|Any CPU.ActiveCfg = Release|Any CPU
		{651E6EAE-2415-4411-97AB-B05D07C0ED4C}.Release|Any CPU.Build.0 = Release|Any CPU
		{B4DF4384-C930-4304-A34B-2291F7E12F9A}.Debug|Any CPU.ActiveCfg = Debug|Any CPU
		{B4DF4384-C930-4304-A34B-2291F7E12F9A}.Debug|Any CPU.Build.0 = Debug|Any CPU
		{B4DF4384-C930-4304-A34B-2291F7E12F9A}.Release|Any CPU.ActiveCfg = Release|Any CPU
		{B4DF4384-C930-4304-A34B-2291F7E12F9A}.Release|Any CPU.Build.0 = Release|Any CPU
	EndGlobalSection
	GlobalSection(SolutionProperties) = preSolution
		HideSolutionNode = FALSE
	EndGlobalSection
	GlobalSection(ExtensibilityGlobals) = postSolution
		SolutionGuid = {98EC7E18-9FCA-406D-B959-F60EEBF9BB3E}
	EndGlobalSection
EndGlobal
